{
  "name": "site",
  "version": "1.0.0",
  "lockfileVersion": 1,
  "requires": true,
  "dependencies": {
    "@pdulvp/colors": {
      "version": "1.0.3",
      "resolved": "https://npm.pkg.github.com/download/@pdulvp/colors/1.0.3/a10fd210afe55becd5397ee9e549207817fb929477d7f7153990a2d26b28961b",
      "integrity": "sha512-JEIvLcWkjW5fESPS17qf60GjOD/5OFu2Ohbwdo61A3c/fEMtk5G/StodOmyT7YaqPXaufRBVgWeBfit7J79jhQ=="
    },
    "@pdulvp/httpquery": {
      "version": "1.0.2",
      "resolved": "https://npm.pkg.github.com/download/@pdulvp/httpquery/1.0.2/fd333722c8e290f24413d47504d6f312936931bfdbe3c44f5b3fa348f7115760",
      "integrity": "sha512-RTMH88SA4bj2XSbIBamNrGn2WCJ5kXNcfQhr4joyIuoDAYVC1S6mTXJVa70FR26LXwbDRDjNmjP9vDX2Bnof2w=="
    },
    "@pdulvp/require": {
      "version": "1.0.0",
      "resolved": "https://npm.pkg.github.com/download/@pdulvp/require/1.0.0/8fd64a0fa61f07e119aa61ac1294f045b8905a790fb5d72ece388bbe2da6516f",
      "integrity": "sha512-rOdM+o5t23CzWXrCHIRMLlqMTIEpKCrBZfuAnFEY47Bp5ybX+AGHxuQqRrT8w4nG5Au1Yl3K25dzXDC3EyIpUg=="
    }
  }
}
